// !$*UTF8*$!
{
	archiveVersion = 1;
	classes = {
	};
	objectVersion = 56;
	objects = {

/* Begin PBXBuildFile section */
		3D0E4F2B2A5B8B7200000001 /* PhotoCuratorApp.swift in Sources */ = {isa = PBXBuildFile; fileRef = 3D0E4F2A2A5B8B7200000001 /* PhotoCuratorApp.swift */; };
		3D0E4F2D2A5B8B7200000001 /* ContentView.swift in Sources */ = {isa = PBXBuildFile; fileRef = 3D0E4F2C2A5B8B7200000001 /* ContentView.swift */; };
		3D0E4F2F2A5B8B7400000001 /* Assets.xcassets in Resources */ = {isa = PBXBuildFile; fileRef = 3D0E4F2E2A5B8B7400000001 /* Assets.xcassets */; };
		3D0E4F322A5B8B7400000001 /* Preview Assets.xcassets in Resources */ = {isa = PBXBuildFile; fileRef = 3D0E4F312A5B8B7400000001 /* Preview Assets.xcassets */; };
		3D0E4F3B2A5B8B7400000001 /* Photo.swift in Sources */ = {isa = PBXBuildFile; fileRef = 3D0E4F3A2A5B8B7400000001 /* Photo.swift */; };
		3D0E4F3D2A5B8B7400000001 /* PhotoScore.swift in Sources */ = {isa = PBXBuildFile; fileRef = 3D0E4F3C2A5B8B7400000001 /* PhotoScore.swift */; };
		3D0E4F3F2A5B8B7400000001 /* PhotoMetadata.swift in Sources */ = {isa = PBXBuildFile; fileRef = 3D0E4F3E2A5B8B7400000001 /* PhotoMetadata.swift */; };
		3D0E4F412A5B8B7400000001 /* PhotoCuratorError.swift in Sources */ = {isa = PBXBuildFile; fileRef = 3D0E4F402A5B8B7400000001 /* PhotoCuratorError.swift */; };
		3D0E4F502A5B8B7400000001 /* PhotoCuratorTests.swift in Sources */ = {isa = PBXBuildFile; fileRef = 3D0E4F4F2A5B8B7400000001 /* PhotoCuratorTests.swift */; };
/* End PBXBuildFile section */

/* Begin PBXFileReference section */
		3D0E4F272A5B8B7200000001 /* PhotoCurator.app */ = {isa = PBXFileReference; explicitFileType = wrapper.application; includeInIndex = 0; path = PhotoCurator.app; sourceTree = BUILT_PRODUCTS_DIR; };
		3D0E4F2A2A5B8B7200000001 /* PhotoCuratorApp.swift */ = {isa = PBXFileReference; lastKnownFileType = sourcecode.swift; path = PhotoCuratorApp.swift; sourceTree = "<group>"; };
		3D0E4F2C2A5B8B7200000001 /* ContentView.swift */ = {isa = PBXFileReference; lastKnownFileType = sourcecode.swift; path = ContentView.swift; sourceTree = "<group>"; };
		3D0E4F2E2A5B8B7400000001 /* Assets.xcassets */ = {isa = PBXFileReference; lastKnownFileType = folder.assetcatalog; path = Assets.xcassets; sourceTree = "<group>"; };
		3D0E4F312A5B8B7400000001 /* Preview Assets.xcassets */ = {isa = PBXFileReference; lastKnownFileType = folder.assetcatalog; path = "Preview Assets.xcassets"; sourceTree = "<group>"; };
		3D0E4F3A2A5B8B7400000001 /* Photo.swift */ = {isa = PBXFileReference; lastKnownFileType = sourcecode.swift; path = Photo.swift; sourceTree = "<group>"; };
		3D0E4F3C2A5B8B7400000001 /* PhotoScore.swift */ = {isa = PBXFileReference; lastKnownFileType = sourcecode.swift; path = PhotoScore.swift; sourceTree = "<group>"; };
		3D0E4F3E2A5B8B7400000001 /* PhotoMetadata.swift */ = {isa = PBXFileReference; lastKnownFileType = sourcecode.swift; path = PhotoMetadata.swift; sourceTree = "<group>"; };
		3D0E4F402A5B8B7400000001 /* PhotoCuratorError.swift */ = {isa = PBXFileReference; lastKnownFileType = sourcecode.swift; path = PhotoCuratorError.swift; sourceTree = "<group>"; };
		3D0E4F422A5B8B7400000001 /* CoreDataStack.swift */ = {isa = PBXFileReference; lastKnownFileType = sourcecode.swift; path = CoreDataStack.swift; sourceTree = "<group>"; };
		3D0E4F442A5B8B7400000001 /* PhotoDataRepository.swift */ = {isa = PBXFileReference; lastKnownFileType = sourcecode.swift; path = PhotoDataRepository.swift; sourceTree = "<group>"; };
		3D0E4F4D2A5B8B7400000001 /* PhotoCuratorTests.xctest */ = {isa = PBXFileReference; explicitFileType = wrapper.cfbundle; includeInIndex = 0; path = PhotoCuratorTests.xctest; sourceTree = BUILT_PRODUCTS_DIR; };
		3D0E4F4F2A5B8B7400000001 /* PhotoCuratorTests.swift */ = {isa = PBXFileReference; lastKnownFileType = sourcecode.swift; path = PhotoCuratorTests.swift; sourceTree = "<group>"; };
/* End PBXFileReference section */

/* Begin PBXFrameworksBuildPhase section */
		3D0E4F242A5B8B7200000001 /* Frameworks */ = {
			isa = PBXFrameworksBuildPhase;
			buildActionMask = 2147483647;
			files = (
			);
			runOnlyForDeploymentPostprocessing = 0;
		};
		3D0E4F4A2A5B8B7400000001 /* Frameworks */ = {
			isa = PBXFrameworksBuildPhase;
			buildActionMask = 2147483647;
			files = (
					);
			runOnlyForDeploymentPostprocessing = 0;
		};
/* End PBXFrameworksBuildPhase section */

/* Begin PBXGroup section */
		3D0E4F1E2A5B8B7200000001 = {
			isa = PBXGroup;
			children = (
				3D0E4F292A5B8B7200000001 /* PhotoCurator */,
				3D0E4F4E2A5B8B7400000001 /* PhotoCuratorTests */,
				3D0E4F282A5B8B7200000001 /* Products */,
			);
			sourceTree = "<group>";
		};
		3D0E4F282A5B8B7200000001 /* Products */ = {
			isa = PBXGroup;
			children = (
				3D0E4F272A5B8B7200000001 /* PhotoCurator.app */,
				3D0E4F4D2A5B8B7400000001 /* PhotoCuratorTests.xctest */,
			);
			name = Products;
			sourceTree = "<group>";
		};
		3D0E4F292A5B8B7200000001 /* PhotoCurator */ = {
			isa = PBXGroup;
			children = (
				3D0E4F2A2A5B8B7200000001 /* PhotoCuratorApp.swift */,
				3D0E4F2C2A5B8B7200000001 /* ContentView.swift */,
				3D0E4F362A5B8B7400000001 /* Models */,
				3D0E4F372A5B8B7400000001 /* Services */,
				3D0E4F2E2A5B8B7400000001 /* Assets.xcassets */,
				3D0E4F302A5B8B7400000001 /* Preview Content */,
			);
			path = PhotoCurator;
			sourceTree = "<group>";
		};
		3D0E4F302A5B8B7400000001 /* Preview Content */ = {
			isa = PBXGroup;
			children = (
				3D0E4F312A5B8B7400000001 /* Preview Assets.xcassets */,
			);
			path = "Preview Content";
			sourceTree = "<group>";
		};
		3D0E4F362A5B8B7400000001 /* Models */ = {
			isa = PBXGroup;
			children = (
				3D0E4F3A2A5B8B7400000001 /* Photo.swift */,
				3D0E4F3C2A5B8B7400000001 /* PhotoScore.swift */,
				3D0E4F3E2A5B8B7400000001 /* PhotoMetadata.swift */,
				3D0E4F402A5B8B7400000001 /* PhotoCuratorError.swift */,
			);
			path = Models;
			sourceTree = "<group>";
		};
		3D0E4F372A5B8B7400000001 /* Services */ = {
			isa = PBXGroup;
			children = (
				3D0E4F382A5B8B7400000001 /* Persistence */,
			);
			path = Services;
			sourceTree = "<group>";
		};
		3D0E4F382A5B8B7400000001 /* Persistence */ = {
			isa = PBXGroup;
			children = (
				3D0E4F422A5B8B7400000001 /* CoreDataStack.swift */,
				3D0E4F442A5B8B7400000001 /* PhotoDataRepository.swift */,
			);
			path = Persistence;
			sourceTree = "<group>";
		};
		3D0E4F4E2A5B8B7400000001 /* PhotoCuratorTests */ = {
			isa = PBXGroup;
			children = (
				3D0E4F4F2A5B8B7400000001 /* PhotoCuratorTests.swift */,
			);
			path = PhotoCuratorTests;
			sourceTree = "<group>";
		};
/* End PBXGroup section */

/* Begin PBXNativeTarget section */
		3D0E4F262A5B8B7200000001 /* PhotoCurator */ = {
			isa = PBXNativeTarget;
			buildConfigurationList = 3D0E4F462A5B8B7400000001 /* Build configuration list for PBXNativeTarget "PhotoCurator" */;
			buildPhases = (
				3D0E4F232A5B8B7200000001 /* Sources */,
				3D0E4F242A5B8B7200000001 /* Frameworks */,
				3D0E4F252A5B8B7200000001 /* Resources */,
			);
			buildRules = (
			);
			dependencies = (
			);
			name = PhotoCurator;
			productName = PhotoCurator;
			productReference = 3D0E4F272A5B8B7200000001 /* PhotoCurator.app */;
			productType = "com.apple.product-type.application";
		};
		3D0E4F4C2A5B8B7400000001 /* PhotoCuratorTests */ = {
			isa = PBXNativeTarget;
			buildConfigurationList = 3D0E4F522A5B8B7400000001 /* Build configuration list for PBXNativeTarget "PhotoCuratorTests" */;
			buildPhases = (
				3D0E4F492A5B8B7400000001 /* Sources */,
				3D0E4F4A2A5B8B7400000001 /* Frameworks */,
				3D0E4F4B2A5B8B7400000001 /* Resources */,
			);
			buildRules = (
			);
			dependencies = (
				3D0E4F532A5B8B7400000001 /* PBXTargetDependency */,
			);
			name = PhotoCuratorTests;
			productName = PhotoCuratorTests;
			productReference = 3D0E4F4D2A5B8B7400000001 /* PhotoCuratorTests.xctest */;
			productType = "com.apple.product-type.bundle.unit-test";
		};
/* End PBXNativeTarget section */

/* Begin PBXProject section */
		3D0E4F1F2A5B8B7200000001 /* Project object */ = {
			isa = PBXProject;
			attributes = {
				BuildIndependentTargetsInParallel = 1;
				LastSwiftUpdateCheck = 1500;
				LastUpgradeCheck = 1500;
				TargetAttributes = {
					3D0E4F262A5B8B7200000001 = {
						CreatedOnToolsVersion = 15.0;
					};
					3D0E4F4C2A5B8B7400000001 = {
						CreatedOnToolsVersion = 15.0;
						TestTargetID = 3D0E4F262A5B8B7200000001;
					};
				};
			};
			buildConfigurationList = 3D0E4F222A5B8B7200000001 /* Build configuration list for PBXProject "PhotoCurator" */;
			compatibilityVersion = "Xcode 14.0";
			developmentRegion = en;
			hasScannedForEncodings = 0;
			knownRegions = (
				en,
				Base,
			);
			mainGroup = 3D0E4F1E2A5B8B7200000001;
			productRefGroup = 3D0E4F282A5B8B7200000001 /* Products */;
			projectDirPath = "";
			projectRoot = "";
			targets = (
				3D0E4F262A5B8B7200000001 /* PhotoCurator */,
				3D0E4F4C2A5B8B7400000001 /* PhotoCuratorTests */,
			);
		};
/* End PBXProject section */

/* Begin PBXResourcesBuildPhase section */
		3D0E4F252A5B8B7200000001 /* Resources */ = {
			isa = PBXResourcesBuildPhase;
			buildActionMask = 2147483647;
			files = (
				3D0E4F322A5B8B7400000001 /* Preview Assets.xcassets in Resources */,
				3D0E4F2F2A5B8B7400000001 /* Assets.xcassets in Resources */,
			);
			runOnlyForDeploymentPostprocessing = 0;
		};
		3D0E4F4B2A5B8B7400000001 /* Resources */ = {
			isa = PBXResourcesBuildPhase;
			buildActionMask = 2147483647;
			files = (
			);
			runOnlyForDeploymentPostprocessing = 0;
		};
/* End PBXResourcesBuildPhase section */

/* Begin PBXSourcesBuildPhase section */
		3D0E4F232A5B8B7200000001 /* Sources */ = {
			isa = PBXSourcesBuildPhase;
			buildActionMask = 2147483647;
			files = (
				3D0E4F2D2A5B8B7200000001 /* ContentView.swift in Sources */,
				3D0E4F3B2A5B8B7400000001 /* Photo.swift in Sources */,
				3D0E4F3D2A5B8B7400000001 /* PhotoScore.swift in Sources */,
				3D0E4F3F2A5B8B7400000001 /* PhotoMetadata.swift in Sources */,
				3D0E4F412A5B8B7400000001 /* PhotoCuratorError.swift in Sources */,
				3D0E4F2B2A5B8B7200000001 /* PhotoCuratorApp.swift in Sources */,
			);
			runOnlyForDeploymentPostprocessing = 0;
		};
		3D0E4F492A5B8B7400000001 /* Sources */ = {
			isa = PBXSourcesBuildPhase;
			buildActionMask = 2147483647;
			files = (
				3D0E4F502A5B8B7400000001 /* PhotoCuratorTests.swift in Sources */,
			);
			runOnlyForDeploymentPostprocessing = 0;
		};
/* End PBXSourcesBuildPhase section */

/* Begin PBXTargetDependency section */
		3D0E4F532A5B8B7400000001 /* PBXTargetDependency */ = {
			isa = PBXTargetDependency;
			target = 3D0E4F262A5B8B7200000001 /* PhotoCurator */;
			targetProxy = 3D0E4F542A5B8B7400000001 /* PBXContainerItemProxy */;
		};
/* End PBXTargetDependency section */

/* Begin PBXContainerItemProxy section */
		3D0E4F542A5B8B7400000001 /* PBXContainerItemProxy */ = {
			isa = PBXContainerItemProxy;
			containerPortal = 3D0E4F1F2A5B8B7200000001 /* Project object */;
			proxyType = 1;
			remoteGlobalIDString = 3D0E4F262A5B8B7200000001;
			remoteInfo = PhotoCurator;
		};
/* End PBXContainerItemProxy section */

/* Begin XCBuildConfiguration section */
		3D0E4F472A5B8B7400000001 /* Debug */ = {
			isa = XCBuildConfiguration;
			buildSettings = {
				ALWAYS_SEARCH_USER_PATHS = NO;
				ASSETCATALOG_COMPILER_GENERATE_SWIFT_ASSET_SYMBOL_EXTENSIONS = YES;
				CLANG_ANALYZER_NONNULL = YES;
				CLANG_ANALYZER_NUMBER_OBJECT_CONVERSION = YES_AGGRESSIVE;
				CLANG_CXX_LANGUAGE_STANDARD = "gnu++20";
				CLANG_ENABLE_MODULES = YES;
				CLANG_ENABLE_OBJC_ARC = YES;
				CLANG_ENABLE_OBJC_WEAK = YES;
				CLANG_WARN_BLOCK_CAPTURE_AUTORELEASING = YES;
				CLANG_WARN_BOOL_CONVERSION = YES;
				CLANG_WARN_COMMA = YES;
				CLANG_WARN_CONSTANT_CONVERSION = YES;
				CLANG_WARN_DEPRECATED_OBJC_IMPLEMENTATIONS = YES;
				CLANG_WARN_DIRECT_OBJC_ISA_USAGE = YES_ERROR;
				CLANG_WARN_DOCUMENTATION_COMMENTS = YES;
				CLANG_WARN_EMPTY_BODY = YES;
				CLANG_WARN_ENUM_CONVERSION = YES;
				CLANG_WARN_INFINITE_RECURSION = YES;
				CLANG_WARN_INT_CONVERSION = YES;
				CLANG_WARN_NON_LITERAL_NULL_CONVERSION = YES;
				CLANG_WARN_OBJC_IMPLICIT_RETAIN_SELF = YES;
				CLANG_WARN_OBJC_LITERAL_CONVERSION = YES;
				CLANG_WARN_OBJC_ROOT_CLASS = YES_ERROR;
				CLANG_WARN_QUOTED_INCLUDE_IN_FRAMEWORK_HEADER = YES;
				CLANG_WARN_RANGE_LOOP_ANALYSIS = YES;
				CLANG_WARN_STRICT_PROTOTYPES = YES;
				CLANG_WARN_SUSPICIOUS_MOVE = YES;
				CLANG_WARN_UNGUARDED_AVAILABILITY = YES_AGGRESSIVE;
				CLANG_WARN_UNREACHABLE_CODE = YES;
				CLANG_WARN__DUPLICATE_METHOD_MATCH = YES;
				COPY_PHASE_STRIP = NO;
				DEBUG_INFORMATION_FORMAT = dwarf;
				ENABLE_STRICT_OBJC_MSGSEND = YES;
				ENABLE_TESTABILITY = YES;
				ENABLE_USER_SCRIPT_SANDBOXING = YES;
				GCC_C_LANGUAGE_STANDARD = gnu17;
				GCC_DYNAMIC_NO_PIC = NO;
				GCC_NO_COMMON_BLOCKS = YES;
				GCC_OPTIMIZATION_LEVEL = 0;
				GCC_PREPROCESSOR_DEFINITIONS = (
					"DEBUG=1",
					"$(inherited)",
				);
				GCC_WARN_64_TO_32_BIT_CONVERSION = YES;
				GCC_WARN_ABOUT_RETURN_TYPE = YES_ERROR;
				GCC_WARN_UNDECLARED_SELECTOR = YES;
				GCC_WARN_UNINITIALIZED_AUTOS = YES_AGGRESSIVE;
				GCC_WARN_UNUSED_FUNCTION = YES;
				GCC_WARN_UNUSED_VARIABLE = YES;
				IPHONEOS_DEPLOYMENT_TARGET = 16.0;
				LOCALIZATION_PREFERS_STRING_CATALOGS = YES;
				MTL_ENABLE_DEBUG_INFO = INCLUDE_SOURCE;
				MTL_FAST_MATH = YES;
				ONLY_ACTIVE_ARCH = YES;
				SDKROOT = iphoneos;
				SWIFT_ACTIVE_COMPILATION_CONDITIONS = "DEBUG $(inherited)";
				SWIFT_OPTIMIZATION_LEVEL = "-Onone";
			};
			name = Debug;
		};
		3D0E4F482A5B8B7400000001 /* Release */ = {
			isa = XCBuildConfiguration;
			buildSettings = {
				ALWAYS_SEARCH_USER_PATHS = NO;
				ASSETCATALOG_COMPILER_GENERATE_SWIFT_ASSET_SYMBOL_EXTENSIONS = YES;
				CLANG_ANALYZER_NONNULL = YES;
				CLANG_ANALYZER_NUMBER_OBJECT_CONVERSION = YES_AGGRESSIVE;
				CLANG_CXX_LANGUAGE_STANDARD = "gnu++20";
				CLANG_ENABLE_MODULES = YES;
				CLANG_ENABLE_OBJC_ARC = YES;
				CLANG_ENABLE_OBJC_WEAK = YES;
				CLANG_WARN_BLOCK_CAPTURE_AUTORELEASING = YES;
				CLANG_WARN_BOOL_CONVERSION = YES;
				CLANG_WARN_COMMA = YES;
				CLANG_WARN_CONSTANT_CONVERSION = YES;
				CLANG_WARN_DEPRECATED_OBJC_IMPLEMENTATIONS = YES;
				CLANG_WARN_DIRECT_OBJC_ISA_USAGE = YES_ERROR;
				CLANG_WARN_DOCUMENTATION_COMMENTS = YES;
				CLANG_WARN_EMPTY_BODY = YES;
				CLANG_WARN_ENUM_CONVERSION = YES;
				CLANG_WARN_INFINITE_RECURSION = YES;
				CLANG_WARN_INT_CONVERSION = YES;
				CLANG_WARN_NON_LITERAL_NULL_CONVERSION = YES;
				CLANG_WARN_OBJC_IMPLICIT_RETAIN_SELF = YES;
				CLANG_WARN_OBJC_LITERAL_CONVERSION = YES;
				CLANG_WARN_OBJC_ROOT_CLASS = YES_ERROR;
				CLANG_WARN_QUOTED_INCLUDE_IN_FRAMEWORK_HEADER = YES;
				CLANG_WARN_RANGE_LOOP_ANALYSIS = YES;
				CLANG_WARN_STRICT_PROTOTYPES = YES;
				CLANG_WARN_SUSPICIOUS_MOVE = YES;
				CLANG_WARN_UNGUARDED_AVAILABILITY = YES_AGGRESSIVE;
				CLANG_WARN_UNREACHABLE_CODE = YES;
				CLANG_WARN__DUPLICATE_METHOD_MATCH = YES;
				COPY_PHASE_STRIP = NO;
				DEBUG_INFORMATION_FORMAT = "dwarf-with-dsym";
				ENABLE_NS_ASSERTIONS = NO;
				ENABLE_STRICT_OBJC_MSGSEND = YES;
				ENABLE_USER_SCRIPT_SANDBOXING = YES;
				GCC_C_LANGUAGE_STANDARD = gnu17;
				GCC_NO_COMMON_BLOCKS = YES;
				GCC_WARN_64_TO_32_BIT_CONVERSION = YES;
				GCC_WARN_ABOUT_RETURN_TYPE = YES_ERROR;
				GCC_WARN_UNDECLARED_SELECTOR = YES;
				GCC_WARN_UNINITIALIZED_AUTOS = YES_AGGRESSIVE;
				GCC_WARN_UNUSED_FUNCTION = YES;
				GCC_WARN_UNUSED_VARIABLE = YES;
				IPHONEOS_DEPLOYMENT_TARGET = 16.0;
				LOCALIZATION_PREFERS_STRING_CATALOGS = YES;
				MTL_ENABLE_DEBUG_INFO = NO;
				MTL_FAST_MATH = YES;
				SDKROOT = iphoneos;
				SWIFT_COMPILATION_MODE = wholemodule;
				VALIDATE_PRODUCT = YES;
			};
			name = Release;
		};
		3D0E4F492A5B8B7400000001 /* Debug */ = {
			isa = XCBuildConfiguration;
			buildSettings = {
				ASSETCATALOG_COMPILER_APPICON_NAME = AppIcon;
				ASSETCATALOG_COMPILER_GLOBAL_ACCENT_COLOR_NAME = AccentColor;
				CODE_SIGN_STYLE = Automatic;
				CURRENT_PROJECT_VERSION = 1;
				DEVELOPMENT_ASSET_PATHS = "\"PhotoCurator/Preview Content\"";
				ENABLE_PREVIEWS = YES;
				GENERATE_INFOPLIST_FILE = YES;
				INFOPLIST_KEY_UIApplicationSceneManifest_Generation = YES;
				INFOPLIST_KEY_UIApplicationSupportsIndirectInputEvents = YES;
				INFOPLIST_KEY_UILaunchScreen_Generation = YES;
				INFOPLIST_KEY_UISupportedInterfaceOrientations_iPad = "UIInterfaceOrientationPortrait UIInterfaceOrientationPortraitUpsideDown UIInterfaceOrientationLandscapeLeft UIInterfaceOrientationLandscapeRight";
				INFOPLIST_KEY_UISupportedInterfaceOrientations_iPhone = "UIInterfaceOrientationPortrait UIInterfaceOrientationLandscapeLeft UIInterfaceOrientationLandscapeRight";
				IPHONEOS_DEPLOYMENT_TARGET = 16.0;
				LD_RUNPATH_SEARCH_PATHS = (
					"$(inherited)",
					"@executable_path/Frameworks",
				);
				MARKETING_VERSION = 1.0;
				PRODUCT_BUNDLE_IDENTIFIER = com.photocurator.PhotoCurator;
				PRODUCT_NAME = "$(TARGET_NAME)";
				SWIFT_EMIT_LOC_STRINGS = YES;
				SWIFT_VERSION = 5.0;
				TARGETED_DEVICE_FAMILY = "1,2";
			};
			name = Debug;
		};
		3D0E4F4A2A5B8B7400000001 /* Release */ = {
			isa = XCBuildConfiguration;
			buildSettings = {
				ASSETCATALOG_COMPILER_APPICON_NAME = AppIcon;
				ASSETCATALOG_COMPILER_GLOBAL_ACCENT_COLOR_NAME = AccentColor;
				CODE_SIGN_STYLE = Automatic;
				CURRENT_PROJECT_VERSION = 1;
				DEVELOPMENT_ASSET_PATHS = "\"PhotoCurator/Preview Content\"";
				ENABLE_PREVIEWS = YES;
				GENERATE_INFOPLIST_FILE = YES;
				INFOPLIST_KEY_UIApplicationSceneManifest_Generation = YES;
				INFOPLIST_KEY_UIApplicationSupportsIndirectInputEvents = YES;
				INFOPLIST_KEY_UILaunchScreen_Generation = YES;
				INFOPLIST_KEY_UISupportedInterfaceOrientations_iPad = "UIInterfaceOrientationPortrait UIInterfaceOrientationPortraitUpsideDown UIInterfaceOrientationLandscapeLeft UIInterfaceOrientationLandscapeRight";
				INFOPLIST_KEY_UISupportedInterfaceOrientations_iPhone = "UIInterfaceOrientationPortrait UIInterfaceOrientationLandscapeLeft UIInterfaceOrientationLandscapeRight";
				IPHONEOS_DEPLOYMENT_TARGET = 16.0;
				LD_RUNPATH_SEARCH_PATHS = (
					"$(inherited)",
					"@executable_path/Frameworks",
				);
				MARKETING_VERSION = 1.0;
				PRODUCT_BUNDLE_IDENTIFIER = com.photocurator.PhotoCurator;
				PRODUCT_NAME = "$(TARGET_NAME)";
				SWIFT_EMIT_LOC_STRINGS = YES;
				SWIFT_VERSION = 5.0;
				TARGETED_DEVICE_FAMILY = "1,2";
			};
			name = Release;
		};
		3D0E4F552A5B8B7400000001 /* Debug */ = {
			isa = XCBuildConfiguration;
			buildSettings = {
				ALWAYS_EMBED_SWIFT_STANDARD_LIBRARIES = YES;
				BUNDLE_LOADER = "$(TEST_HOST)";
				CODE_SIGN_STYLE = Automatic;
				CURRENT_PROJECT_VERSION = 1;
				GENERATE_INFOPLIST_FILE = YES;
				IPHONEOS_DEPLOYMENT_TARGET = 16.0;
				MARKETING_VERSION = 1.0;
				PRODUCT_BUNDLE_IDENTIFIER = com.photocurator.PhotoCuratorTests;
				PRODUCT_NAME = "$(TARGET_NAME)";
				SWIFT_EMIT_LOC_STRINGS = NO;
				SWIFT_VERSION = 5.0;
				TARGETED_DEVICE_FAMILY = "1,2";
				TEST_HOST = "$(BUILT_PRODUCTS_DIR)/PhotoCurator.app/$(BUNDLE_EXECUTABLE_FOLDER_PATH)/PhotoCurator";
			};
			name = Debug;
		};
		3D0E4F562A5B8B7400000001 /* Release */ = {
			isa = XCBuildConfiguration;
			buildSettings = {
				ALWAYS_EMBED_SWIFT_STANDARD_LIBRARIES = YES;
				BUNDLE_LOADER = "$(TEST_HOST)";
				CODE_SIGN_STYLE = Automatic;
				CURRENT_PROJECT_VERSION = 1;
				GENERATE_INFOPLIST_FILE = YES;
				IPHONEOS_DEPLOYMENT_TARGET = 16.0;
				MARKETING_VERSION = 1.0;
				PRODUCT_BUNDLE_IDENTIFIER = com.photocurator.PhotoCuratorTests;
				PRODUCT_NAME = "$(TARGET_NAME)";
				SWIFT_EMIT_LOC_STRINGS = NO;
				SWIFT_VERSION = 5.0;
				TARGETED_DEVICE_FAMILY = "1,2";
				TEST_HOST = "$(BUILT_PRODUCTS_DIR)/PhotoCurator.app/$(BUNDLE_EXECUTABLE_FOLDER_PATH)/PhotoCurator";
			};
			name = Release;
		};
/* End XCBuildConfiguration section */

/* Begin XCConfigurationList section */
		3D0E4F222A5B8B7200000001 /* Build configuration list for PBXProject "PhotoCurator" */ = {
			isa = XCConfigurationList;
			buildConfigurations = (
				3D0E4F472A5B8B7400000001 /* Debug */,
				3D0E4F482A5B8B7400000001 /* Release */,
			);
			defaultConfigurationIsVisible = 0;
			defaultConfigurationName = Release;
		};
		3D0E4F462A5B8B7400000001 /* Build configuration list for PBXNativeTarget "PhotoCurator" */ = {
			isa = XCConfigurationList;
			buildConfigurations = (
				3D0E4F492A5B8B7400000001 /* Debug */,
				3D0E4F4A2A5B8B7400000001 /* Release */,
			);
			defaultConfigurationIsVisible = 0;
			defaultConfigurationName = Release;
		};
		3D0E4F522A5B8B7400000001 /* Build configuration list for PBXNativeTarget "PhotoCuratorTests" */ = {
			isa = XCConfigurationList;
			buildConfigurations = (
				3D0E4F552A5B8B7400000001 /* Debug */,
				3D0E4F562A5B8B7400000001 /* Release */,
			);
			defaultConfigurationIsVisible = 0;
			defaultConfigurationName = Release;
		};
/* End XCConfigurationList section */


	};
	rootObject = 3D0E4F1F2A5B8B7200000001 /* Project object */;
}